
Microsoft Visual Studio Solution File, Format Version 12.00
# Visual Studio Version 17
VisualStudioVersion = 17.3.32922.545
MinimumVisualStudioVersion = 10.0.40219.1
Project("{FAE04EC0-301F-11D3-BF4B-00C04F79EFBC}") = "TestProject1", "TestProject1.csproj", "{17EA261E-BC2A-4039-BD0D-00FBD15D183E}"
EndProject
Project("{9A19103F-16F7-4668-BE54-9A1E7A4F7556}") = "test228", "..\test228\test228.csproj", "{238B22D1-6E86-4D5A-8BCF-CB20E831B33F}"
EndProject
Global
	GlobalSection(SolutionConfigurationPlatforms) = preSolution
		Debug|Any CPU = Debug|Any CPU
		Release|Any CPU = Release|Any CPU
	EndGlobalSection
	GlobalSection(ProjectConfigurationPlatforms) = postSolution
		{17EA261E-BC2A-4039-BD0D-00FBD15D183E}.Debug|Any CPU.ActiveCfg = Debug|Any CPU
		{17EA261E-BC2A-4039-BD0D-00FBD15D183E}.Debug|Any CPU.Build.0 = Debug|Any CPU
		{17EA261E-BC2A-4039-BD0D-00FBD15D183E}.Release|Any CPU.ActiveCfg = Release|Any CPU
		{17EA261E-BC2A-4039-BD0D-00FBD15D183E}.Release|Any CPU.Build.0 = Release|Any CPU
		{238B22D1-6E86-4D5A-8BCF-CB20E831B33F}.Debug|Any CPU.ActiveCfg = Debug|Any CPU
		{238B22D1-6E86-4D5A-8BCF-CB20E831B33F}.Debug|Any CPU.Build.0 = Debug|Any CPU
		{238B22D1-6E86-4D5A-8BCF-CB20E831B33F}.Release|Any CPU.ActiveCfg = Release|Any CPU
		{238B22D1-6E86-4D5A-8BCF-CB20E831B33F}.Release|Any CPU.Build.0 = Release|Any CPU
	EndGlobalSection
	GlobalSection(SolutionProperties) = preSolution
		HideSolutionNode = FALSE
	EndGlobalSection
	GlobalSection(ExtensibilityGlobals) = postSolution
		SolutionGuid = {95664222-5455-42DF-826C-88BA90EE15D7}
	EndGlobalSection
EndGlobal
